
Microsoft Visual Studio Solution File, Format Version 12.00
# Visual Studio Version 17
VisualStudioVersion = 17.0.31903.59
MinimumVisualStudioVersion = 10.0.40219.1
Project("{2150E333-8FDC-42A3-9474-1A3956D46DE8}") = "src", "src", "{1C0DD5F5-D09B-48B1-94C3-698609ACCC09}"
EndProject
Project("{2150E333-8FDC-42A3-9474-1A3956D46DE8}") = "Bootstrapper", "Bootstrapper", "{1B97EABC-22DC-4006-B8C2-C1CC884FB501}"
EndProject
Project("{FAE04EC0-301F-11D3-BF4B-00C04F79EFBC}") = "Bootstrapper", "src\Bootstrapper\Bootstrapper\Bootstrapper.csproj", "{6C9CF6D5-72F5-4FB7-9BD7-916DB7CDB1E3}"
EndProject
Project("{2150E333-8FDC-42A3-9474-1A3956D46DE8}") = "Modules", "Modules", "{80BB2D8C-3C51-411E-8822-14E2CCD321F5}"
EndProject
Project("{2150E333-8FDC-42A3-9474-1A3956D46DE8}") = "Identity", "Identity", "{66727C34-ED46-4BD9-BB30-83D0DAA67E1C}"
EndProject
Project("{FAE04EC0-301F-11D3-BF4B-00C04F79EFBC}") = "Identity.Domain", "src\Modules\Identity\Identity.Domain\Identity.Domain.csproj", "{0D534BE3-BD0D-4283-831D-EE930D193058}"
EndProject
Project("{FAE04EC0-301F-11D3-BF4B-00C04F79EFBC}") = "Identity.Application", "src\Modules\Identity\Identity.Application\Identity.Application.csproj", "{0110CC32-CE24-4647-8899-A5137D04D398}"
EndProject
Project("{FAE04EC0-301F-11D3-BF4B-00C04F79EFBC}") = "Identity.Infrastructure", "src\Modules\Identity\Identity.Infrastructure\Identity.Infrastructure.csproj", "{6F705744-0B85-4423-A82B-C65204591D8E}"
EndProject
Project("{FAE04EC0-301F-11D3-BF4B-00C04F79EFBC}") = "Identity.WebApi", "src\Modules\Identity\Identity.WebApi\Identity.WebApi.csproj", "{F4A25DE8-206C-4590-BCCB-D76FBA7D5DA0}"
EndProject
Project("{2150E333-8FDC-42A3-9474-1A3956D46DE8}") = "Shared", "Shared", "{2A0B8966-6482-4C0A-83FA-24F6F3560827}"
EndProject
Project("{FAE04EC0-301F-11D3-BF4B-00C04F79EFBC}") = "Shared.Infrastructure", "src\Shared\Shared.Infrastructure\Shared.Infrastructure.csproj", "{A0DF7023-971F-4C6D-9036-3F05EAFF8D4C}"
EndProject
Project("{FAE04EC0-301F-11D3-BF4B-00C04F79EFBC}") = "Shared.WebApi", "src\Shared\Shared.WebApi\Shared.WebApi.csproj", "{5A83FB99-1225-47AB-BA78-D5D2862CF988}"
EndProject
Project("{FAE04EC0-301F-11D3-BF4B-00C04F79EFBC}") = "Shared.Application", "src\Shared\Shared.Application\Shared.Application.csproj", "{9F2957B7-848B-4F86-9604-BAD787FEF3D3}"
EndProject
Project("{2150E333-8FDC-42A3-9474-1A3956D46DE8}") = "Appointments", "Appointments", "{88AEBCE6-181F-BEE8-1FDE-7DF318123DDC}"
EndProject
Project("{FAE04EC0-301F-11D3-BF4B-00C04F79EFBC}") = "Appointments.Application", "src\Modules\Appointments\Appointments.Application\Appointments.Application.csproj", "{2031101F-AA49-498D-876B-374B4DCD37DC}"
EndProject
Project("{FAE04EC0-301F-11D3-BF4B-00C04F79EFBC}") = "Appointments.Domain", "src\Modules\Appointments\Appointments.Domain\Appointments.Domain.csproj", "{14C764F2-ECCD-41DA-A7E2-887014AE3942}"
EndProject
Project("{FAE04EC0-301F-11D3-BF4B-00C04F79EFBC}") = "Appointments.Infrastructure", "src\Modules\Appointments\Appointments.Infrastructure\Appointments.Infrastructure.csproj", "{A1F48003-CD27-452B-908E-6F56A1695D9D}"
EndProject
Project("{FAE04EC0-301F-11D3-BF4B-00C04F79EFBC}") = "Appointments.WebApi", "src\Modules\Appointments\Appointments.WebApi\Appointments.WebApi.csproj", "{21EA00CC-C496-484B-A39C-83CB7F6636D3}"
EndProject
Project("{2150E333-8FDC-42A3-9474-1A3956D46DE8}") = "tests", "tests", "{0097A596-1D92-0181-BC8E-3A6EAD997E12}"
EndProject
Project("{FAE04EC0-301F-11D3-BF4B-00C04F79EFBC}") = "Identity.Application.Tests", "src\Modules\Identity\tests\Identity.Application.Tests\Identity.Application.Tests.csproj", "{1DBF1211-A645-459B-9731-1DA3E60139A2}"
EndProject
Project("{FAE04EC0-301F-11D3-BF4B-00C04F79EFBC}") = "Identity.Domain.Tests", "src\Modules\Identity\tests\Identity.Domain.Tests\Identity.Domain.Tests.csproj", "{D471F4F4-FC44-4A2A-AAA6-CFAE7443FCB2}"
EndProject
Project("{FAE04EC0-301F-11D3-BF4B-00C04F79EFBC}") = "Identity.WebApi.Tests", "src\Modules\Identity\tests\Identity.WebApi.Tests\Identity.WebApi.Tests.csproj", "{99ED7E44-3D39-433B-890C-30538711892B}"
EndProject
Project("{FAE04EC0-301F-11D3-BF4B-00C04F79EFBC}") = "Shared.Tests", "src\Shared\Shared.Tests\Shared.Tests.csproj", "{AEBF298E-B083-42B6-B7C1-C1D8EC8C6D0D}"
EndProject
Project("{2150E333-8FDC-42A3-9474-1A3956D46DE8}") = "tests", "tests", "{F5EE514E-6041-04E5-18DE-F79BC12C7127}"
EndProject
Project("{FAE04EC0-301F-11D3-BF4B-00C04F79EFBC}") = "Appointments.Domain.Tests", "src\Modules\Appointments\tests\Appointments.Domain.Tests\Appointments.Domain.Tests.csproj", "{7F04675B-0FD4-44E7-9A59-FFAAE6A77D5E}"
EndProject
Project("{FAE04EC0-301F-11D3-BF4B-00C04F79EFBC}") = "Shared.Domain", "src\Shared\Shared.Domain\Shared.Domain.csproj", "{50455D54-5F67-49AE-8F14-523BD595612C}"
EndProject
Project("{FAE04EC0-301F-11D3-BF4B-00C04F79EFBC}") = "Appointments.Application.Tests", "src\Modules\Appointments\tests\Appointments.Application.Tests\Appointments.Application.Tests.csproj", "{616C2ADF-BBD3-40B1-902B-39D42B57FCD5}"
EndProject
Project("{FAE04EC0-301F-11D3-BF4B-00C04F79EFBC}") = "Identity.Public", "src\Modules\Identity\Identity.Public\Identity.Public.csproj", "{6D9A52DD-36C0-43FD-A866-F7AC87F738E6}"
EndProject
Global
	GlobalSection(SolutionConfigurationPlatforms) = preSolution
		Debug|Any CPU = Debug|Any CPU
		Debug|x64 = Debug|x64
		Debug|x86 = Debug|x86
		Release|Any CPU = Release|Any CPU
		Release|x64 = Release|x64
		Release|x86 = Release|x86
	EndGlobalSection
	GlobalSection(ProjectConfigurationPlatforms) = postSolution
		{6C9CF6D5-72F5-4FB7-9BD7-916DB7CDB1E3}.Debug|Any CPU.ActiveCfg = Debug|Any CPU
		{6C9CF6D5-72F5-4FB7-9BD7-916DB7CDB1E3}.Debug|Any CPU.Build.0 = Debug|Any CPU
		{6C9CF6D5-72F5-4FB7-9BD7-916DB7CDB1E3}.Debug|x64.ActiveCfg = Debug|Any CPU
		{6C9CF6D5-72F5-4FB7-9BD7-916DB7CDB1E3}.Debug|x64.Build.0 = Debug|Any CPU
		{6C9CF6D5-72F5-4FB7-9BD7-916DB7CDB1E3}.Debug|x86.ActiveCfg = Debug|Any CPU
		{6C9CF6D5-72F5-4FB7-9BD7-916DB7CDB1E3}.Debug|x86.Build.0 = Debug|Any CPU
		{6C9CF6D5-72F5-4FB7-9BD7-916DB7CDB1E3}.Release|Any CPU.ActiveCfg = Release|Any CPU
		{6C9CF6D5-72F5-4FB7-9BD7-916DB7CDB1E3}.Release|Any CPU.Build.0 = Release|Any CPU
		{6C9CF6D5-72F5-4FB7-9BD7-916DB7CDB1E3}.Release|x64.ActiveCfg = Release|Any CPU
		{6C9CF6D5-72F5-4FB7-9BD7-916DB7CDB1E3}.Release|x64.Build.0 = Release|Any CPU
		{6C9CF6D5-72F5-4FB7-9BD7-916DB7CDB1E3}.Release|x86.ActiveCfg = Release|Any CPU
		{6C9CF6D5-72F5-4FB7-9BD7-916DB7CDB1E3}.Release|x86.Build.0 = Release|Any CPU
		{0D534BE3-BD0D-4283-831D-EE930D193058}.Debug|Any CPU.ActiveCfg = Debug|Any CPU
		{0D534BE3-BD0D-4283-831D-EE930D193058}.Debug|Any CPU.Build.0 = Debug|Any CPU
		{0D534BE3-BD0D-4283-831D-EE930D193058}.Debug|x64.ActiveCfg = Debug|Any CPU
		{0D534BE3-BD0D-4283-831D-EE930D193058}.Debug|x64.Build.0 = Debug|Any CPU
		{0D534BE3-BD0D-4283-831D-EE930D193058}.Debug|x86.ActiveCfg = Debug|Any CPU
		{0D534BE3-BD0D-4283-831D-EE930D193058}.Debug|x86.Build.0 = Debug|Any CPU
		{0D534BE3-BD0D-4283-831D-EE930D193058}.Release|Any CPU.ActiveCfg = Release|Any CPU
		{0D534BE3-BD0D-4283-831D-EE930D193058}.Release|Any CPU.Build.0 = Release|Any CPU
		{0D534BE3-BD0D-4283-831D-EE930D193058}.Release|x64.ActiveCfg = Release|Any CPU
		{0D534BE3-BD0D-4283-831D-EE930D193058}.Release|x64.Build.0 = Release|Any CPU
		{0D534BE3-BD0D-4283-831D-EE930D193058}.Release|x86.ActiveCfg = Release|Any CPU
		{0D534BE3-BD0D-4283-831D-EE930D193058}.Release|x86.Build.0 = Release|Any CPU
		{0110CC32-CE24-4647-8899-A5137D04D398}.Debug|Any CPU.ActiveCfg = Debug|Any CPU
		{0110CC32-CE24-4647-8899-A5137D04D398}.Debug|Any CPU.Build.0 = Debug|Any CPU
		{0110CC32-CE24-4647-8899-A5137D04D398}.Debug|x64.ActiveCfg = Debug|Any CPU
		{0110CC32-CE24-4647-8899-A5137D04D398}.Debug|x64.Build.0 = Debug|Any CPU
		{0110CC32-CE24-4647-8899-A5137D04D398}.Debug|x86.ActiveCfg = Debug|Any CPU
		{0110CC32-CE24-4647-8899-A5137D04D398}.Debug|x86.Build.0 = Debug|Any CPU
		{0110CC32-CE24-4647-8899-A5137D04D398}.Release|Any CPU.ActiveCfg = Release|Any CPU
		{0110CC32-CE24-4647-8899-A5137D04D398}.Release|Any CPU.Build.0 = Release|Any CPU
		{0110CC32-CE24-4647-8899-A5137D04D398}.Release|x64.ActiveCfg = Release|Any CPU
		{0110CC32-CE24-4647-8899-A5137D04D398}.Release|x64.Build.0 = Release|Any CPU
		{0110CC32-CE24-4647-8899-A5137D04D398}.Release|x86.ActiveCfg = Release|Any CPU
		{0110CC32-CE24-4647-8899-A5137D04D398}.Release|x86.Build.0 = Release|Any CPU
		{6F705744-0B85-4423-A82B-C65204591D8E}.Debug|Any CPU.ActiveCfg = Debug|Any CPU
		{6F705744-0B85-4423-A82B-C65204591D8E}.Debug|Any CPU.Build.0 = Debug|Any CPU
		{6F705744-0B85-4423-A82B-C65204591D8E}.Debug|x64.ActiveCfg = Debug|Any CPU
		{6F705744-0B85-4423-A82B-C65204591D8E}.Debug|x64.Build.0 = Debug|Any CPU
		{6F705744-0B85-4423-A82B-C65204591D8E}.Debug|x86.ActiveCfg = Debug|Any CPU
		{6F705744-0B85-4423-A82B-C65204591D8E}.Debug|x86.Build.0 = Debug|Any CPU
		{6F705744-0B85-4423-A82B-C65204591D8E}.Release|Any CPU.ActiveCfg = Release|Any CPU
		{6F705744-0B85-4423-A82B-C65204591D8E}.Release|Any CPU.Build.0 = Release|Any CPU
		{6F705744-0B85-4423-A82B-C65204591D8E}.Release|x64.ActiveCfg = Release|Any CPU
		{6F705744-0B85-4423-A82B-C65204591D8E}.Release|x64.Build.0 = Release|Any CPU
		{6F705744-0B85-4423-A82B-C65204591D8E}.Release|x86.ActiveCfg = Release|Any CPU
		{6F705744-0B85-4423-A82B-C65204591D8E}.Release|x86.Build.0 = Release|Any CPU
		{F4A25DE8-206C-4590-BCCB-D76FBA7D5DA0}.Debug|Any CPU.ActiveCfg = Debug|Any CPU
		{F4A25DE8-206C-4590-BCCB-D76FBA7D5DA0}.Debug|Any CPU.Build.0 = Debug|Any CPU
		{F4A25DE8-206C-4590-BCCB-D76FBA7D5DA0}.Debug|x64.ActiveCfg = Debug|Any CPU
		{F4A25DE8-206C-4590-BCCB-D76FBA7D5DA0}.Debug|x64.Build.0 = Debug|Any CPU
		{F4A25DE8-206C-4590-BCCB-D76FBA7D5DA0}.Debug|x86.ActiveCfg = Debug|Any CPU
		{F4A25DE8-206C-4590-BCCB-D76FBA7D5DA0}.Debug|x86.Build.0 = Debug|Any CPU
		{F4A25DE8-206C-4590-BCCB-D76FBA7D5DA0}.Release|Any CPU.ActiveCfg = Release|Any CPU
		{F4A25DE8-206C-4590-BCCB-D76FBA7D5DA0}.Release|Any CPU.Build.0 = Release|Any CPU
		{F4A25DE8-206C-4590-BCCB-D76FBA7D5DA0}.Release|x64.ActiveCfg = Release|Any CPU
		{F4A25DE8-206C-4590-BCCB-D76FBA7D5DA0}.Release|x64.Build.0 = Release|Any CPU
		{F4A25DE8-206C-4590-BCCB-D76FBA7D5DA0}.Release|x86.ActiveCfg = Release|Any CPU
		{F4A25DE8-206C-4590-BCCB-D76FBA7D5DA0}.Release|x86.Build.0 = Release|Any CPU
		{A0DF7023-971F-4C6D-9036-3F05EAFF8D4C}.Debug|Any CPU.ActiveCfg = Debug|Any CPU
		{A0DF7023-971F-4C6D-9036-3F05EAFF8D4C}.Debug|Any CPU.Build.0 = Debug|Any CPU
		{A0DF7023-971F-4C6D-9036-3F05EAFF8D4C}.Debug|x64.ActiveCfg = Debug|Any CPU
		{A0DF7023-971F-4C6D-9036-3F05EAFF8D4C}.Debug|x64.Build.0 = Debug|Any CPU
		{A0DF7023-971F-4C6D-9036-3F05EAFF8D4C}.Debug|x86.ActiveCfg = Debug|Any CPU
		{A0DF7023-971F-4C6D-9036-3F05EAFF8D4C}.Debug|x86.Build.0 = Debug|Any CPU
		{A0DF7023-971F-4C6D-9036-3F05EAFF8D4C}.Release|Any CPU.ActiveCfg = Release|Any CPU
		{A0DF7023-971F-4C6D-9036-3F05EAFF8D4C}.Release|Any CPU.Build.0 = Release|Any CPU
		{A0DF7023-971F-4C6D-9036-3F05EAFF8D4C}.Release|x64.ActiveCfg = Release|Any CPU
		{A0DF7023-971F-4C6D-9036-3F05EAFF8D4C}.Release|x64.Build.0 = Release|Any CPU
		{A0DF7023-971F-4C6D-9036-3F05EAFF8D4C}.Release|x86.ActiveCfg = Release|Any CPU
		{A0DF7023-971F-4C6D-9036-3F05EAFF8D4C}.Release|x86.Build.0 = Release|Any CPU
		{5A83FB99-1225-47AB-BA78-D5D2862CF988}.Debug|Any CPU.ActiveCfg = Debug|Any CPU
		{5A83FB99-1225-47AB-BA78-D5D2862CF988}.Debug|Any CPU.Build.0 = Debug|Any CPU
		{5A83FB99-1225-47AB-BA78-D5D2862CF988}.Debug|x64.ActiveCfg = Debug|Any CPU
		{5A83FB99-1225-47AB-BA78-D5D2862CF988}.Debug|x64.Build.0 = Debug|Any CPU
		{5A83FB99-1225-47AB-BA78-D5D2862CF988}.Debug|x86.ActiveCfg = Debug|Any CPU
		{5A83FB99-1225-47AB-BA78-D5D2862CF988}.Debug|x86.Build.0 = Debug|Any CPU
		{5A83FB99-1225-47AB-BA78-D5D2862CF988}.Release|Any CPU.ActiveCfg = Release|Any CPU
		{5A83FB99-1225-47AB-BA78-D5D2862CF988}.Release|Any CPU.Build.0 = Release|Any CPU
		{5A83FB99-1225-47AB-BA78-D5D2862CF988}.Release|x64.ActiveCfg = Release|Any CPU
		{5A83FB99-1225-47AB-BA78-D5D2862CF988}.Release|x64.Build.0 = Release|Any CPU
		{5A83FB99-1225-47AB-BA78-D5D2862CF988}.Release|x86.ActiveCfg = Release|Any CPU
		{5A83FB99-1225-47AB-BA78-D5D2862CF988}.Release|x86.Build.0 = Release|Any CPU
		{9F2957B7-848B-4F86-9604-BAD787FEF3D3}.Debug|Any CPU.ActiveCfg = Debug|Any CPU
		{9F2957B7-848B-4F86-9604-BAD787FEF3D3}.Debug|Any CPU.Build.0 = Debug|Any CPU
		{9F2957B7-848B-4F86-9604-BAD787FEF3D3}.Debug|x64.ActiveCfg = Debug|Any CPU
		{9F2957B7-848B-4F86-9604-BAD787FEF3D3}.Debug|x64.Build.0 = Debug|Any CPU
		{9F2957B7-848B-4F86-9604-BAD787FEF3D3}.Debug|x86.ActiveCfg = Debug|Any CPU
		{9F2957B7-848B-4F86-9604-BAD787FEF3D3}.Debug|x86.Build.0 = Debug|Any CPU
		{9F2957B7-848B-4F86-9604-BAD787FEF3D3}.Release|Any CPU.ActiveCfg = Release|Any CPU
		{9F2957B7-848B-4F86-9604-BAD787FEF3D3}.Release|Any CPU.Build.0 = Release|Any CPU
		{9F2957B7-848B-4F86-9604-BAD787FEF3D3}.Release|x64.ActiveCfg = Release|Any CPU
		{9F2957B7-848B-4F86-9604-BAD787FEF3D3}.Release|x64.Build.0 = Release|Any CPU
		{9F2957B7-848B-4F86-9604-BAD787FEF3D3}.Release|x86.ActiveCfg = Release|Any CPU
		{9F2957B7-848B-4F86-9604-BAD787FEF3D3}.Release|x86.Build.0 = Release|Any CPU
		{2031101F-AA49-498D-876B-374B4DCD37DC}.Debug|Any CPU.ActiveCfg = Debug|Any CPU
		{2031101F-AA49-498D-876B-374B4DCD37DC}.Debug|Any CPU.Build.0 = Debug|Any CPU
		{2031101F-AA49-498D-876B-374B4DCD37DC}.Debug|x64.ActiveCfg = Debug|Any CPU
		{2031101F-AA49-498D-876B-374B4DCD37DC}.Debug|x64.Build.0 = Debug|Any CPU
		{2031101F-AA49-498D-876B-374B4DCD37DC}.Debug|x86.ActiveCfg = Debug|Any CPU
		{2031101F-AA49-498D-876B-374B4DCD37DC}.Debug|x86.Build.0 = Debug|Any CPU
		{2031101F-AA49-498D-876B-374B4DCD37DC}.Release|Any CPU.ActiveCfg = Release|Any CPU
		{2031101F-AA49-498D-876B-374B4DCD37DC}.Release|Any CPU.Build.0 = Release|Any CPU
		{2031101F-AA49-498D-876B-374B4DCD37DC}.Release|x64.ActiveCfg = Release|Any CPU
		{2031101F-AA49-498D-876B-374B4DCD37DC}.Release|x64.Build.0 = Release|Any CPU
		{2031101F-AA49-498D-876B-374B4DCD37DC}.Release|x86.ActiveCfg = Release|Any CPU
		{2031101F-AA49-498D-876B-374B4DCD37DC}.Release|x86.Build.0 = Release|Any CPU
		{14C764F2-ECCD-41DA-A7E2-887014AE3942}.Debug|Any CPU.ActiveCfg = Debug|Any CPU
		{14C764F2-ECCD-41DA-A7E2-887014AE3942}.Debug|Any CPU.Build.0 = Debug|Any CPU
		{14C764F2-ECCD-41DA-A7E2-887014AE3942}.Debug|x64.ActiveCfg = Debug|Any CPU
		{14C764F2-ECCD-41DA-A7E2-887014AE3942}.Debug|x64.Build.0 = Debug|Any CPU
		{14C764F2-ECCD-41DA-A7E2-887014AE3942}.Debug|x86.ActiveCfg = Debug|Any CPU
		{14C764F2-ECCD-41DA-A7E2-887014AE3942}.Debug|x86.Build.0 = Debug|Any CPU
		{14C764F2-ECCD-41DA-A7E2-887014AE3942}.Release|Any CPU.ActiveCfg = Release|Any CPU
		{14C764F2-ECCD-41DA-A7E2-887014AE3942}.Release|Any CPU.Build.0 = Release|Any CPU
		{14C764F2-ECCD-41DA-A7E2-887014AE3942}.Release|x64.ActiveCfg = Release|Any CPU
		{14C764F2-ECCD-41DA-A7E2-887014AE3942}.Release|x64.Build.0 = Release|Any CPU
		{14C764F2-ECCD-41DA-A7E2-887014AE3942}.Release|x86.ActiveCfg = Release|Any CPU
		{14C764F2-ECCD-41DA-A7E2-887014AE3942}.Release|x86.Build.0 = Release|Any CPU
		{A1F48003-CD27-452B-908E-6F56A1695D9D}.Debug|Any CPU.ActiveCfg = Debug|Any CPU
		{A1F48003-CD27-452B-908E-6F56A1695D9D}.Debug|Any CPU.Build.0 = Debug|Any CPU
		{A1F48003-CD27-452B-908E-6F56A1695D9D}.Debug|x64.ActiveCfg = Debug|Any CPU
		{A1F48003-CD27-452B-908E-6F56A1695D9D}.Debug|x64.Build.0 = Debug|Any CPU
		{A1F48003-CD27-452B-908E-6F56A1695D9D}.Debug|x86.ActiveCfg = Debug|Any CPU
		{A1F48003-CD27-452B-908E-6F56A1695D9D}.Debug|x86.Build.0 = Debug|Any CPU
		{A1F48003-CD27-452B-908E-6F56A1695D9D}.Release|Any CPU.ActiveCfg = Release|Any CPU
		{A1F48003-CD27-452B-908E-6F56A1695D9D}.Release|Any CPU.Build.0 = Release|Any CPU
		{A1F48003-CD27-452B-908E-6F56A1695D9D}.Release|x64.ActiveCfg = Release|Any CPU
		{A1F48003-CD27-452B-908E-6F56A1695D9D}.Release|x64.Build.0 = Release|Any CPU
		{A1F48003-CD27-452B-908E-6F56A1695D9D}.Release|x86.ActiveCfg = Release|Any CPU
		{A1F48003-CD27-452B-908E-6F56A1695D9D}.Release|x86.Build.0 = Release|Any CPU
		{21EA00CC-C496-484B-A39C-83CB7F6636D3}.Debug|Any CPU.ActiveCfg = Debug|Any CPU
		{21EA00CC-C496-484B-A39C-83CB7F6636D3}.Debug|Any CPU.Build.0 = Debug|Any CPU
		{21EA00CC-C496-484B-A39C-83CB7F6636D3}.Debug|x64.ActiveCfg = Debug|Any CPU
		{21EA00CC-C496-484B-A39C-83CB7F6636D3}.Debug|x64.Build.0 = Debug|Any CPU
		{21EA00CC-C496-484B-A39C-83CB7F6636D3}.Debug|x86.ActiveCfg = Debug|Any CPU
		{21EA00CC-C496-484B-A39C-83CB7F6636D3}.Debug|x86.Build.0 = Debug|Any CPU
		{21EA00CC-C496-484B-A39C-83CB7F6636D3}.Release|Any CPU.ActiveCfg = Release|Any CPU
		{21EA00CC-C496-484B-A39C-83CB7F6636D3}.Release|Any CPU.Build.0 = Release|Any CPU
		{21EA00CC-C496-484B-A39C-83CB7F6636D3}.Release|x64.ActiveCfg = Release|Any CPU
		{21EA00CC-C496-484B-A39C-83CB7F6636D3}.Release|x64.Build.0 = Release|Any CPU
		{21EA00CC-C496-484B-A39C-83CB7F6636D3}.Release|x86.ActiveCfg = Release|Any CPU
		{21EA00CC-C496-484B-A39C-83CB7F6636D3}.Release|x86.Build.0 = Release|Any CPU
		{1DBF1211-A645-459B-9731-1DA3E60139A2}.Debug|Any CPU.ActiveCfg = Debug|Any CPU
		{1DBF1211-A645-459B-9731-1DA3E60139A2}.Debug|Any CPU.Build.0 = Debug|Any CPU
		{1DBF1211-A645-459B-9731-1DA3E60139A2}.Debug|x64.ActiveCfg = Debug|Any CPU
		{1DBF1211-A645-459B-9731-1DA3E60139A2}.Debug|x64.Build.0 = Debug|Any CPU
		{1DBF1211-A645-459B-9731-1DA3E60139A2}.Debug|x86.ActiveCfg = Debug|Any CPU
		{1DBF1211-A645-459B-9731-1DA3E60139A2}.Debug|x86.Build.0 = Debug|Any CPU
		{1DBF1211-A645-459B-9731-1DA3E60139A2}.Release|Any CPU.ActiveCfg = Release|Any CPU
		{1DBF1211-A645-459B-9731-1DA3E60139A2}.Release|Any CPU.Build.0 = Release|Any CPU
		{1DBF1211-A645-459B-9731-1DA3E60139A2}.Release|x64.ActiveCfg = Release|Any CPU
		{1DBF1211-A645-459B-9731-1DA3E60139A2}.Release|x64.Build.0 = Release|Any CPU
		{1DBF1211-A645-459B-9731-1DA3E60139A2}.Release|x86.ActiveCfg = Release|Any CPU
		{1DBF1211-A645-459B-9731-1DA3E60139A2}.Release|x86.Build.0 = Release|Any CPU
		{D471F4F4-FC44-4A2A-AAA6-CFAE7443FCB2}.Debug|Any CPU.ActiveCfg = Debug|Any CPU
		{D471F4F4-FC44-4A2A-AAA6-CFAE7443FCB2}.Debug|Any CPU.Build.0 = Debug|Any CPU
		{D471F4F4-FC44-4A2A-AAA6-CFAE7443FCB2}.Debug|x64.ActiveCfg = Debug|Any CPU
		{D471F4F4-FC44-4A2A-AAA6-CFAE7443FCB2}.Debug|x64.Build.0 = Debug|Any CPU
		{D471F4F4-FC44-4A2A-AAA6-CFAE7443FCB2}.Debug|x86.ActiveCfg = Debug|Any CPU
		{D471F4F4-FC44-4A2A-AAA6-CFAE7443FCB2}.Debug|x86.Build.0 = Debug|Any CPU
		{D471F4F4-FC44-4A2A-AAA6-CFAE7443FCB2}.Release|Any CPU.ActiveCfg = Release|Any CPU
		{D471F4F4-FC44-4A2A-AAA6-CFAE7443FCB2}.Release|Any CPU.Build.0 = Release|Any CPU
		{D471F4F4-FC44-4A2A-AAA6-CFAE7443FCB2}.Release|x64.ActiveCfg = Release|Any CPU
		{D471F4F4-FC44-4A2A-AAA6-CFAE7443FCB2}.Release|x64.Build.0 = Release|Any CPU
		{D471F4F4-FC44-4A2A-AAA6-CFAE7443FCB2}.Release|x86.ActiveCfg = Release|Any CPU
		{D471F4F4-FC44-4A2A-AAA6-CFAE7443FCB2}.Release|x86.Build.0 = Release|Any CPU
		{99ED7E44-3D39-433B-890C-30538711892B}.Debug|Any CPU.ActiveCfg = Debug|Any CPU
		{99ED7E44-3D39-433B-890C-30538711892B}.Debug|Any CPU.Build.0 = Debug|Any CPU
		{99ED7E44-3D39-433B-890C-30538711892B}.Debug|x64.ActiveCfg = Debug|Any CPU
		{99ED7E44-3D39-433B-890C-30538711892B}.Debug|x64.Build.0 = Debug|Any CPU
		{99ED7E44-3D39-433B-890C-30538711892B}.Debug|x86.ActiveCfg = Debug|Any CPU
		{99ED7E44-3D39-433B-890C-30538711892B}.Debug|x86.Build.0 = Debug|Any CPU
		{99ED7E44-3D39-433B-890C-30538711892B}.Release|Any CPU.ActiveCfg = Release|Any CPU
		{99ED7E44-3D39-433B-890C-30538711892B}.Release|Any CPU.Build.0 = Release|Any CPU
		{99ED7E44-3D39-433B-890C-30538711892B}.Release|x64.ActiveCfg = Release|Any CPU
		{99ED7E44-3D39-433B-890C-30538711892B}.Release|x64.Build.0 = Release|Any CPU
		{99ED7E44-3D39-433B-890C-30538711892B}.Release|x86.ActiveCfg = Release|Any CPU
		{99ED7E44-3D39-433B-890C-30538711892B}.Release|x86.Build.0 = Release|Any CPU
		{AEBF298E-B083-42B6-B7C1-C1D8EC8C6D0D}.Debug|Any CPU.ActiveCfg = Debug|Any CPU
		{AEBF298E-B083-42B6-B7C1-C1D8EC8C6D0D}.Debug|Any CPU.Build.0 = Debug|Any CPU
		{AEBF298E-B083-42B6-B7C1-C1D8EC8C6D0D}.Debug|x64.ActiveCfg = Debug|Any CPU
		{AEBF298E-B083-42B6-B7C1-C1D8EC8C6D0D}.Debug|x64.Build.0 = Debug|Any CPU
		{AEBF298E-B083-42B6-B7C1-C1D8EC8C6D0D}.Debug|x86.ActiveCfg = Debug|Any CPU
		{AEBF298E-B083-42B6-B7C1-C1D8EC8C6D0D}.Debug|x86.Build.0 = Debug|Any CPU
		{AEBF298E-B083-42B6-B7C1-C1D8EC8C6D0D}.Release|Any CPU.ActiveCfg = Release|Any CPU
		{AEBF298E-B083-42B6-B7C1-C1D8EC8C6D0D}.Release|Any CPU.Build.0 = Release|Any CPU
		{AEBF298E-B083-42B6-B7C1-C1D8EC8C6D0D}.Release|x64.ActiveCfg = Release|Any CPU
		{AEBF298E-B083-42B6-B7C1-C1D8EC8C6D0D}.Release|x64.Build.0 = Release|Any CPU
		{AEBF298E-B083-42B6-B7C1-C1D8EC8C6D0D}.Release|x86.ActiveCfg = Release|Any CPU
		{AEBF298E-B083-42B6-B7C1-C1D8EC8C6D0D}.Release|x86.Build.0 = Release|Any CPU
		{7F04675B-0FD4-44E7-9A59-FFAAE6A77D5E}.Debug|Any CPU.ActiveCfg = Debug|Any CPU
		{7F04675B-0FD4-44E7-9A59-FFAAE6A77D5E}.Debug|Any CPU.Build.0 = Debug|Any CPU
		{7F04675B-0FD4-44E7-9A59-FFAAE6A77D5E}.Debug|x64.ActiveCfg = Debug|Any CPU
		{7F04675B-0FD4-44E7-9A59-FFAAE6A77D5E}.Debug|x64.Build.0 = Debug|Any CPU
		{7F04675B-0FD4-44E7-9A59-FFAAE6A77D5E}.Debug|x86.ActiveCfg = Debug|Any CPU
		{7F04675B-0FD4-44E7-9A59-FFAAE6A77D5E}.Debug|x86.Build.0 = Debug|Any CPU
		{7F04675B-0FD4-44E7-9A59-FFAAE6A77D5E}.Release|Any CPU.ActiveCfg = Release|Any CPU
		{7F04675B-0FD4-44E7-9A59-FFAAE6A77D5E}.Release|Any CPU.Build.0 = Release|Any CPU
		{7F04675B-0FD4-44E7-9A59-FFAAE6A77D5E}.Release|x64.ActiveCfg = Release|Any CPU
		{7F04675B-0FD4-44E7-9A59-FFAAE6A77D5E}.Release|x64.Build.0 = Release|Any CPU
		{7F04675B-0FD4-44E7-9A59-FFAAE6A77D5E}.Release|x86.ActiveCfg = Release|Any CPU
		{7F04675B-0FD4-44E7-9A59-FFAAE6A77D5E}.Release|x86.Build.0 = Release|Any CPU
		{50455D54-5F67-49AE-8F14-523BD595612C}.Debug|Any CPU.ActiveCfg = Debug|Any CPU
		{50455D54-5F67-49AE-8F14-523BD595612C}.Debug|Any CPU.Build.0 = Debug|Any CPU
		{50455D54-5F67-49AE-8F14-523BD595612C}.Debug|x64.ActiveCfg = Debug|Any CPU
		{50455D54-5F67-49AE-8F14-523BD595612C}.Debug|x64.Build.0 = Debug|Any CPU
		{50455D54-5F67-49AE-8F14-523BD595612C}.Debug|x86.ActiveCfg = Debug|Any CPU
		{50455D54-5F67-49AE-8F14-523BD595612C}.Debug|x86.Build.0 = Debug|Any CPU
		{50455D54-5F67-49AE-8F14-523BD595612C}.Release|Any CPU.ActiveCfg = Release|Any CPU
		{50455D54-5F67-49AE-8F14-523BD595612C}.Release|Any CPU.Build.0 = Release|Any CPU
		{50455D54-5F67-49AE-8F14-523BD595612C}.Release|x64.ActiveCfg = Release|Any CPU
		{50455D54-5F67-49AE-8F14-523BD595612C}.Release|x64.Build.0 = Release|Any CPU
		{50455D54-5F67-49AE-8F14-523BD595612C}.Release|x86.ActiveCfg = Release|Any CPU
		{50455D54-5F67-49AE-8F14-523BD595612C}.Release|x86.Build.0 = Release|Any CPU
		{616C2ADF-BBD3-40B1-902B-39D42B57FCD5}.Debug|Any CPU.ActiveCfg = Debug|Any CPU
		{616C2ADF-BBD3-40B1-902B-39D42B57FCD5}.Debug|Any CPU.Build.0 = Debug|Any CPU
		{616C2ADF-BBD3-40B1-902B-39D42B57FCD5}.Debug|x64.ActiveCfg = Debug|Any CPU
		{616C2ADF-BBD3-40B1-902B-39D42B57FCD5}.Debug|x64.Build.0 = Debug|Any CPU
		{616C2ADF-BBD3-40B1-902B-39D42B57FCD5}.Debug|x86.ActiveCfg = Debug|Any CPU
		{616C2ADF-BBD3-40B1-902B-39D42B57FCD5}.Debug|x86.Build.0 = Debug|Any CPU
		{616C2ADF-BBD3-40B1-902B-39D42B57FCD5}.Release|Any CPU.ActiveCfg = Release|Any CPU
		{616C2ADF-BBD3-40B1-902B-39D42B57FCD5}.Release|Any CPU.Build.0 = Release|Any CPU
		{616C2ADF-BBD3-40B1-902B-39D42B57FCD5}.Release|x64.ActiveCfg = Release|Any CPU
		{616C2ADF-BBD3-40B1-902B-39D42B57FCD5}.Release|x64.Build.0 = Release|Any CPU
		{616C2ADF-BBD3-40B1-902B-39D42B57FCD5}.Release|x86.ActiveCfg = Release|Any CPU
		{616C2ADF-BBD3-40B1-902B-39D42B57FCD5}.Release|x86.Build.0 = Release|Any CPU
		{6D9A52DD-36C0-43FD-A866-F7AC87F738E6}.Debug|Any CPU.ActiveCfg = Debug|Any CPU
		{6D9A52DD-36C0-43FD-A866-F7AC87F738E6}.Debug|Any CPU.Build.0 = Debug|Any CPU
		{6D9A52DD-36C0-43FD-A866-F7AC87F738E6}.Debug|x64.ActiveCfg = Debug|Any CPU
		{6D9A52DD-36C0-43FD-A866-F7AC87F738E6}.Debug|x64.Build.0 = Debug|Any CPU
		{6D9A52DD-36C0-43FD-A866-F7AC87F738E6}.Debug|x86.ActiveCfg = Debug|Any CPU
		{6D9A52DD-36C0-43FD-A866-F7AC87F738E6}.Debug|x86.Build.0 = Debug|Any CPU
		{6D9A52DD-36C0-43FD-A866-F7AC87F738E6}.Release|Any CPU.ActiveCfg = Release|Any CPU
		{6D9A52DD-36C0-43FD-A866-F7AC87F738E6}.Release|Any CPU.Build.0 = Release|Any CPU
		{6D9A52DD-36C0-43FD-A866-F7AC87F738E6}.Release|x64.ActiveCfg = Release|Any CPU
		{6D9A52DD-36C0-43FD-A866-F7AC87F738E6}.Release|x64.Build.0 = Release|Any CPU
		{6D9A52DD-36C0-43FD-A866-F7AC87F738E6}.Release|x86.ActiveCfg = Release|Any CPU
		{6D9A52DD-36C0-43FD-A866-F7AC87F738E6}.Release|x86.Build.0 = Release|Any CPU
	EndGlobalSection
	GlobalSection(SolutionProperties) = preSolution
		HideSolutionNode = FALSE
	EndGlobalSection
	GlobalSection(NestedProjects) = preSolution
		{1B97EABC-22DC-4006-B8C2-C1CC884FB501} = {1C0DD5F5-D09B-48B1-94C3-698609ACCC09}
		{6C9CF6D5-72F5-4FB7-9BD7-916DB7CDB1E3} = {1B97EABC-22DC-4006-B8C2-C1CC884FB501}
		{80BB2D8C-3C51-411E-8822-14E2CCD321F5} = {1C0DD5F5-D09B-48B1-94C3-698609ACCC09}
		{66727C34-ED46-4BD9-BB30-83D0DAA67E1C} = {80BB2D8C-3C51-411E-8822-14E2CCD321F5}
		{0D534BE3-BD0D-4283-831D-EE930D193058} = {66727C34-ED46-4BD9-BB30-83D0DAA67E1C}
		{0110CC32-CE24-4647-8899-A5137D04D398} = {66727C34-ED46-4BD9-BB30-83D0DAA67E1C}
		{6F705744-0B85-4423-A82B-C65204591D8E} = {66727C34-ED46-4BD9-BB30-83D0DAA67E1C}
		{F4A25DE8-206C-4590-BCCB-D76FBA7D5DA0} = {66727C34-ED46-4BD9-BB30-83D0DAA67E1C}
		{2A0B8966-6482-4C0A-83FA-24F6F3560827} = {1C0DD5F5-D09B-48B1-94C3-698609ACCC09}
		{A0DF7023-971F-4C6D-9036-3F05EAFF8D4C} = {2A0B8966-6482-4C0A-83FA-24F6F3560827}
		{5A83FB99-1225-47AB-BA78-D5D2862CF988} = {2A0B8966-6482-4C0A-83FA-24F6F3560827}
		{9F2957B7-848B-4F86-9604-BAD787FEF3D3} = {2A0B8966-6482-4C0A-83FA-24F6F3560827}
		{88AEBCE6-181F-BEE8-1FDE-7DF318123DDC} = {80BB2D8C-3C51-411E-8822-14E2CCD321F5}
		{2031101F-AA49-498D-876B-374B4DCD37DC} = {88AEBCE6-181F-BEE8-1FDE-7DF318123DDC}
		{14C764F2-ECCD-41DA-A7E2-887014AE3942} = {88AEBCE6-181F-BEE8-1FDE-7DF318123DDC}
		{A1F48003-CD27-452B-908E-6F56A1695D9D} = {88AEBCE6-181F-BEE8-1FDE-7DF318123DDC}
		{21EA00CC-C496-484B-A39C-83CB7F6636D3} = {88AEBCE6-181F-BEE8-1FDE-7DF318123DDC}
		{0097A596-1D92-0181-BC8E-3A6EAD997E12} = {66727C34-ED46-4BD9-BB30-83D0DAA67E1C}
		{1DBF1211-A645-459B-9731-1DA3E60139A2} = {0097A596-1D92-0181-BC8E-3A6EAD997E12}
		{D471F4F4-FC44-4A2A-AAA6-CFAE7443FCB2} = {0097A596-1D92-0181-BC8E-3A6EAD997E12}
		{99ED7E44-3D39-433B-890C-30538711892B} = {0097A596-1D92-0181-BC8E-3A6EAD997E12}
		{AEBF298E-B083-42B6-B7C1-C1D8EC8C6D0D} = {2A0B8966-6482-4C0A-83FA-24F6F3560827}
		{F5EE514E-6041-04E5-18DE-F79BC12C7127} = {88AEBCE6-181F-BEE8-1FDE-7DF318123DDC}
		{7F04675B-0FD4-44E7-9A59-FFAAE6A77D5E} = {F5EE514E-6041-04E5-18DE-F79BC12C7127}
		{50455D54-5F67-49AE-8F14-523BD595612C} = {2A0B8966-6482-4C0A-83FA-24F6F3560827}
		{616C2ADF-BBD3-40B1-902B-39D42B57FCD5} = {F5EE514E-6041-04E5-18DE-F79BC12C7127}
		{6D9A52DD-36C0-43FD-A866-F7AC87F738E6} = {66727C34-ED46-4BD9-BB30-83D0DAA67E1C}
	EndGlobalSection
EndGlobal
