
Microsoft Visual Studio Solution File, Format Version 12.00
# Visual Studio Version 17
VisualStudioVersion = 17.0.31903.59
MinimumVisualStudioVersion = 10.0.40219.1
Project("{2150E333-8FDC-42A3-9474-1A3956D46DE8}") = "src", "src", "{1C0DD5F5-D09B-48B1-94C3-698609ACCC09}"
EndProject
Project("{2150E333-8FDC-42A3-9474-1A3956D46DE8}") = "Bootstrapper", "Bootstrapper", "{1B97EABC-22DC-4006-B8C2-C1CC884FB501}"
EndProject
Project("{FAE04EC0-301F-11D3-BF4B-00C04F79EFBC}") = "Bootstrapper", "src\Bootstrapper\Bootstrapper\Bootstrapper.csproj", "{6C9CF6D5-72F5-4FB7-9BD7-916DB7CDB1E3}"
EndProject
Project("{2150E333-8FDC-42A3-9474-1A3956D46DE8}") = "Modules", "Modules", "{80BB2D8C-3C51-411E-8822-14E2CCD321F5}"
EndProject
Project("{2150E333-8FDC-42A3-9474-1A3956D46DE8}") = "Identity", "Identity", "{66727C34-ED46-4BD9-BB30-83D0DAA67E1C}"
EndProject
Project("{FAE04EC0-301F-11D3-BF4B-00C04F79EFBC}") = "Identity.Domain", "src\Modules\Identity\Identity.Domain\Identity.Domain.csproj", "{0D534BE3-BD0D-4283-831D-EE930D193058}"
EndProject
Project("{FAE04EC0-301F-11D3-BF4B-00C04F79EFBC}") = "Identity.Application", "src\Modules\Identity\Identity.Application\Identity.Application.csproj", "{0110CC32-CE24-4647-8899-A5137D04D398}"
EndProject
Project("{FAE04EC0-301F-11D3-BF4B-00C04F79EFBC}") = "Identity.Infrastructure", "src\Modules\Identity\Identity.Infrastructure\Identity.Infrastructure.csproj", "{6F705744-0B85-4423-A82B-C65204591D8E}"
EndProject
Project("{FAE04EC0-301F-11D3-BF4B-00C04F79EFBC}") = "Identity.WebApi", "src\Modules\Identity\Identity.WebApi\Identity.WebApi.csproj", "{F4A25DE8-206C-4590-BCCB-D76FBA7D5DA0}"
EndProject
Project("{2150E333-8FDC-42A3-9474-1A3956D46DE8}") = "Shared", "Shared", "{2A0B8966-6482-4C0A-83FA-24F6F3560827}"
EndProject
Project("{FAE04EC0-301F-11D3-BF4B-00C04F79EFBC}") = "Shared.Infrastructure", "src\Shared\Shared.Infrastructure\Shared.Infrastructure.csproj", "{A0DF7023-971F-4C6D-9036-3F05EAFF8D4C}"
EndProject
Global
	GlobalSection(SolutionConfigurationPlatforms) = preSolution
		Debug|Any CPU = Debug|Any CPU
		Release|Any CPU = Release|Any CPU
	EndGlobalSection
	GlobalSection(SolutionProperties) = preSolution
		HideSolutionNode = FALSE
	EndGlobalSection
	GlobalSection(ProjectConfigurationPlatforms) = postSolution
		{6C9CF6D5-72F5-4FB7-9BD7-916DB7CDB1E3}.Debug|Any CPU.ActiveCfg = Debug|Any CPU
		{6C9CF6D5-72F5-4FB7-9BD7-916DB7CDB1E3}.Debug|Any CPU.Build.0 = Debug|Any CPU
		{6C9CF6D5-72F5-4FB7-9BD7-916DB7CDB1E3}.Release|Any CPU.ActiveCfg = Release|Any CPU
		{6C9CF6D5-72F5-4FB7-9BD7-916DB7CDB1E3}.Release|Any CPU.Build.0 = Release|Any CPU
		{0D534BE3-BD0D-4283-831D-EE930D193058}.Debug|Any CPU.ActiveCfg = Debug|Any CPU
		{0D534BE3-BD0D-4283-831D-EE930D193058}.Debug|Any CPU.Build.0 = Debug|Any CPU
		{0D534BE3-BD0D-4283-831D-EE930D193058}.Release|Any CPU.ActiveCfg = Release|Any CPU
		{0D534BE3-BD0D-4283-831D-EE930D193058}.Release|Any CPU.Build.0 = Release|Any CPU
		{0110CC32-CE24-4647-8899-A5137D04D398}.Debug|Any CPU.ActiveCfg = Debug|Any CPU
		{0110CC32-CE24-4647-8899-A5137D04D398}.Debug|Any CPU.Build.0 = Debug|Any CPU
		{0110CC32-CE24-4647-8899-A5137D04D398}.Release|Any CPU.ActiveCfg = Release|Any CPU
		{0110CC32-CE24-4647-8899-A5137D04D398}.Release|Any CPU.Build.0 = Release|Any CPU
		{6F705744-0B85-4423-A82B-C65204591D8E}.Debug|Any CPU.ActiveCfg = Debug|Any CPU
		{6F705744-0B85-4423-A82B-C65204591D8E}.Debug|Any CPU.Build.0 = Debug|Any CPU
		{6F705744-0B85-4423-A82B-C65204591D8E}.Release|Any CPU.ActiveCfg = Release|Any CPU
		{6F705744-0B85-4423-A82B-C65204591D8E}.Release|Any CPU.Build.0 = Release|Any CPU
		{F4A25DE8-206C-4590-BCCB-D76FBA7D5DA0}.Debug|Any CPU.ActiveCfg = Debug|Any CPU
		{F4A25DE8-206C-4590-BCCB-D76FBA7D5DA0}.Debug|Any CPU.Build.0 = Debug|Any CPU
		{F4A25DE8-206C-4590-BCCB-D76FBA7D5DA0}.Release|Any CPU.ActiveCfg = Release|Any CPU
		{F4A25DE8-206C-4590-BCCB-D76FBA7D5DA0}.Release|Any CPU.Build.0 = Release|Any CPU
		{A0DF7023-971F-4C6D-9036-3F05EAFF8D4C}.Debug|Any CPU.ActiveCfg = Debug|Any CPU
		{A0DF7023-971F-4C6D-9036-3F05EAFF8D4C}.Debug|Any CPU.Build.0 = Debug|Any CPU
		{A0DF7023-971F-4C6D-9036-3F05EAFF8D4C}.Release|Any CPU.ActiveCfg = Release|Any CPU
		{A0DF7023-971F-4C6D-9036-3F05EAFF8D4C}.Release|Any CPU.Build.0 = Release|Any CPU
	EndGlobalSection
	GlobalSection(NestedProjects) = preSolution
		{1B97EABC-22DC-4006-B8C2-C1CC884FB501} = {1C0DD5F5-D09B-48B1-94C3-698609ACCC09}
		{6C9CF6D5-72F5-4FB7-9BD7-916DB7CDB1E3} = {1B97EABC-22DC-4006-B8C2-C1CC884FB501}
		{80BB2D8C-3C51-411E-8822-14E2CCD321F5} = {1C0DD5F5-D09B-48B1-94C3-698609ACCC09}
		{66727C34-ED46-4BD9-BB30-83D0DAA67E1C} = {80BB2D8C-3C51-411E-8822-14E2CCD321F5}
		{0D534BE3-BD0D-4283-831D-EE930D193058} = {66727C34-ED46-4BD9-BB30-83D0DAA67E1C}
		{0110CC32-CE24-4647-8899-A5137D04D398} = {66727C34-ED46-4BD9-BB30-83D0DAA67E1C}
		{6F705744-0B85-4423-A82B-C65204591D8E} = {66727C34-ED46-4BD9-BB30-83D0DAA67E1C}
		{F4A25DE8-206C-4590-BCCB-D76FBA7D5DA0} = {66727C34-ED46-4BD9-BB30-83D0DAA67E1C}
		{2A0B8966-6482-4C0A-83FA-24F6F3560827} = {1C0DD5F5-D09B-48B1-94C3-698609ACCC09}
		{A0DF7023-971F-4C6D-9036-3F05EAFF8D4C} = {2A0B8966-6482-4C0A-83FA-24F6F3560827}
	EndGlobalSection
EndGlobal
